
Microsoft Visual Studio Solution File, Format Version 12.00
# Visual Studio Version 16
VisualStudioVersion = 16.0.30517.126
MinimumVisualStudioVersion = 10.0.40219.1
Project("{FAE04EC0-301F-11D3-BF4B-00C04F79EFBC}") = "proyecto tesis", "aplastaos los colores\proyecto tesis.csproj", "{5276DFA5-C3B3-4730-BEDC-71E5D9AACAB9}"
EndProject
Global
	GlobalSection(SolutionConfigurationPlatforms) = preSolution
		Debug|Any CPU = Debug|Any CPU
		Release|Any CPU = Release|Any CPU
	EndGlobalSection
	GlobalSection(ProjectConfigurationPlatforms) = postSolution
		{5276DFA5-C3B3-4730-BEDC-71E5D9AACAB9}.Debug|Any CPU.ActiveCfg = Debug|Any CPU
		{5276DFA5-C3B3-4730-BEDC-71E5D9AACAB9}.Debug|Any CPU.Build.0 = Debug|Any CPU
		{5276DFA5-C3B3-4730-BEDC-71E5D9AACAB9}.Release|Any CPU.ActiveCfg = Release|Any CPU
		{5276DFA5-C3B3-4730-BEDC-71E5D9AACAB9}.Release|Any CPU.Build.0 = Release|Any CPU
	EndGlobalSection
	GlobalSection(SolutionProperties) = preSolution
		HideSolutionNode = FALSE
	EndGlobalSection
	GlobalSection(ExtensibilityGlobals) = postSolution
		SolutionGuid = {440E6C5F-689C-4124-8E21-88816E4EAF7D}
	EndGlobalSection
EndGlobal
